
Microsoft Visual Studio Solution File, Format Version 12.00
# Visual Studio Version 16
VisualStudioVersion = 16.0.808.9
MinimumVisualStudioVersion = 10.0.40219.1
Project("{FAE04EC0-301F-11D3-BF4B-00C04F79EFBC}") = "ReverseString2", "ReverseString2\ReverseString2.csproj", "{8D78A52E-C222-4829-8730-BB6400376741}"
EndProject
Global
	GlobalSection(SolutionConfigurationPlatforms) = preSolution
		Debug|Any CPU = Debug|Any CPU
		Release|Any CPU = Release|Any CPU
	EndGlobalSection
	GlobalSection(ProjectConfigurationPlatforms) = postSolution
		{8D78A52E-C222-4829-8730-BB6400376741}.Debug|Any CPU.ActiveCfg = Debug|Any CPU
		{8D78A52E-C222-4829-8730-BB6400376741}.Debug|Any CPU.Build.0 = Debug|Any CPU
		{8D78A52E-C222-4829-8730-BB6400376741}.Release|Any CPU.ActiveCfg = Release|Any CPU
		{8D78A52E-C222-4829-8730-BB6400376741}.Release|Any CPU.Build.0 = Release|Any CPU
	EndGlobalSection
	GlobalSection(SolutionProperties) = preSolution
		HideSolutionNode = FALSE
	EndGlobalSection
	GlobalSection(ExtensibilityGlobals) = postSolution
		SolutionGuid = {43844AF3-33F6-4E38-A790-497D9D047C9F}
	EndGlobalSection
EndGlobal
