
Microsoft Visual Studio Solution File, Format Version 12.00
# Visual Studio Version 16
VisualStudioVersion = 16.0.809.2
MinimumVisualStudioVersion = 10.0.40219.1
Project("{FAE04EC0-301F-11D3-BF4B-00C04F79EFBC}") = "outlineNeighbour", "outlineNeighbour\outlineNeighbour.csproj", "{BEDC5590-C02C-480B-AB7E-96BF9357660C}"
EndProject
Global
	GlobalSection(SolutionConfigurationPlatforms) = preSolution
		Debug|Any CPU = Debug|Any CPU
		Release|Any CPU = Release|Any CPU
	EndGlobalSection
	GlobalSection(ProjectConfigurationPlatforms) = postSolution
		{BEDC5590-C02C-480B-AB7E-96BF9357660C}.Debug|Any CPU.ActiveCfg = Debug|Any CPU
		{BEDC5590-C02C-480B-AB7E-96BF9357660C}.Debug|Any CPU.Build.0 = Debug|Any CPU
		{BEDC5590-C02C-480B-AB7E-96BF9357660C}.Release|Any CPU.ActiveCfg = Release|Any CPU
		{BEDC5590-C02C-480B-AB7E-96BF9357660C}.Release|Any CPU.Build.0 = Release|Any CPU
	EndGlobalSection
	GlobalSection(SolutionProperties) = preSolution
		HideSolutionNode = FALSE
	EndGlobalSection
	GlobalSection(ExtensibilityGlobals) = postSolution
		SolutionGuid = {83E0569D-8829-4781-AC4E-6331BD7D5B5E}
	EndGlobalSection
EndGlobal
