
Microsoft Visual Studio Solution File, Format Version 12.00
# Visual Studio Version 16
VisualStudioVersion = 16.0.808.9
MinimumVisualStudioVersion = 10.0.40219.1
Project("{FAE04EC0-301F-11D3-BF4B-00C04F79EFBC}") = "AgeInSeconds", "AgeInSeconds\AgeInSeconds.csproj", "{C7B0E922-F475-486A-A685-70F57C99403E}"
EndProject
Global
	GlobalSection(SolutionConfigurationPlatforms) = preSolution
		Debug|Any CPU = Debug|Any CPU
		Release|Any CPU = Release|Any CPU
	EndGlobalSection
	GlobalSection(ProjectConfigurationPlatforms) = postSolution
		{C7B0E922-F475-486A-A685-70F57C99403E}.Debug|Any CPU.ActiveCfg = Debug|Any CPU
		{C7B0E922-F475-486A-A685-70F57C99403E}.Debug|Any CPU.Build.0 = Debug|Any CPU
		{C7B0E922-F475-486A-A685-70F57C99403E}.Release|Any CPU.ActiveCfg = Release|Any CPU
		{C7B0E922-F475-486A-A685-70F57C99403E}.Release|Any CPU.Build.0 = Release|Any CPU
	EndGlobalSection
	GlobalSection(SolutionProperties) = preSolution
		HideSolutionNode = FALSE
	EndGlobalSection
	GlobalSection(ExtensibilityGlobals) = postSolution
		SolutionGuid = {9DC3CF1D-9139-4D1D-B22E-E8A0F0CEF541}
	EndGlobalSection
EndGlobal
